// !$*UTF8*$!
{
	archiveVersion = 1;
	classes = {};
	objectVersion = 54;
	objects = {

/* Begin PBXBuildFile section */
		1498D2341E8E89220040F4C2 /* GeneratedPluginRegistrant.m in Sources */ = {isa = PBXBuildFile; fileRef = 1498D2331E8E89220040F4C2 /* GeneratedPluginRegistrant.m */; };
		3B3967161E833CAA004F5970 /* AppFrameworkInfo.plist in Resources */ = {isa = PBXBuildFile; fileRef = 3B3967151E833CAA004F5970 /* AppFrameworkInfo.plist */; };
		74858FAF1ED2DC5600515810 /* AppDelegate.swift in Sources */ = {isa = PBXBuildFile; fileRef = 74858FAE1ED2DC5600515810 /* AppDelegate.swift */; };
		A20000000000000000000001 /* AudioSessionCoordinator.swift in Sources */ = {isa = PBXBuildFile; fileRef = A20000000000000000000002 /* AudioSessionCoordinator.swift */; };
		A20000000000000000000003 /* BackupExclusionCoordinator.swift in Sources */ = {isa = PBXBuildFile; fileRef = A20000000000000000000004 /* BackupExclusionCoordinator.swift */; };
		A20000000000000000000005 /* BackupExclusionChannel.swift in Sources */ = {isa = PBXBuildFile; fileRef = A20000000000000000000006 /* BackupExclusionChannel.swift */; };
		A30000000000000000000001 /* WidgetSnapshotStore.swift in Sources */ = {isa = PBXBuildFile; fileRef = A30000000000000000000002 /* WidgetSnapshotStore.swift */; };
		A30000000000000000000003 /* WidgetSnapshotChannel.swift in Sources */ = {isa = PBXBuildFile; fileRef = A30000000000000000000004 /* WidgetSnapshotChannel.swift */; };
		A30000000000000000000005 /* NativeLifecycleStateChannel.swift in Sources */ = {isa = PBXBuildFile; fileRef = A30000000000000000000006 /* NativeLifecycleStateChannel.swift */; };
		A30000000000000000000007 /* MicrophoneRecordingChannel.swift in Sources */ = {isa = PBXBuildFile; fileRef = A30000000000000000000008 /* MicrophoneRecordingChannel.swift */; };
		A30000000000000000000009 /* NativeShareChannel.swift in Sources */ = {isa = PBXBuildFile; fileRef = A30000000000000000000010 /* NativeShareChannel.swift */; };
		B10000000000000000000001 /* PrayerWidget.swift in Sources */ = {isa = PBXBuildFile; fileRef = B10000000000000000000004 /* PrayerWidget.swift */; };
		B10000000000000000000002 /* Localizable.strings in Resources */ = {isa = PBXBuildFile; fileRef = B10000000000000000000016 /* Localizable.strings */; };
		B10000000000000000000003 /* PrayerWidget.appex in Embed App Extensions */ = {isa = PBXBuildFile; fileRef = B10000000000000000000007 /* PrayerWidget.appex */; settings = {ATTRIBUTES = (RemoveHeadersOnCopy, ); }; };
		B10000000000000000000008 /* PrivacyInfo.xcprivacy in Resources */ = {isa = PBXBuildFile; fileRef = B10000000000000000000009 /* PrivacyInfo.xcprivacy */; };
		97C146FC1CF9000F007C117D /* Main.storyboard in Resources */ = {isa = PBXBuildFile; fileRef = 97C146FA1CF9000F007C117D /* Main.storyboard */; };
		97C147011CF9000F007C117D /* LaunchScreen.storyboard in Resources */ = {isa = PBXBuildFile; fileRef = 97C146FF1CF9000F007C117D /* LaunchScreen.storyboard */; };
		A10000000000000000000001 /* InfoPlist.strings in Resources */ = {isa = PBXBuildFile; fileRef = A10000000000000000000002 /* InfoPlist.strings */; };
		A10000000000000000000003 /* PrivacyInfo.xcprivacy in Resources */ = {isa = PBXBuildFile; fileRef = A10000000000000000000004 /* PrivacyInfo.xcprivacy */; };
/* End PBXBuildFile section */

/* Begin PBXContainerItemProxy section */
		B10000000000000000000027 /* PBXContainerItemProxy */ = {isa = PBXContainerItemProxy; containerPortal = 97C146E61CF9000F007C117D /* Project object */; proxyType = 1; remoteGlobalIDString = B10000000000000000000025; remoteInfo = PrayerWidget; };
/* End PBXContainerItemProxy section */

/* Begin PBXCopyFilesBuildPhase section */
		9705A1C41CF9048500538489 /* Embed Frameworks */ = {isa = PBXCopyFilesBuildPhase; buildActionMask = 2147483647; dstPath = ""; dstSubfolderSpec = 10; files = (); name = "Embed Frameworks"; runOnlyForDeploymentPostprocessing = 0; };
		B10000000000000000000024 /* Embed App Extensions */ = {isa = PBXCopyFilesBuildPhase; buildActionMask = 2147483647; dstPath = ""; dstSubfolderSpec = 13; files = (B10000000000000000000003 /* PrayerWidget.appex in Embed App Extensions */, ); name = "Embed App Extensions"; runOnlyForDeploymentPostprocessing = 0; };
/* End PBXCopyFilesBuildPhase section */

/* Begin PBXFileReference section */
		1498D2321E8E86230040F4C2 /* GeneratedPluginRegistrant.h */ = {isa = PBXFileReference; lastKnownFileType = sourcecode.c.h; path = GeneratedPluginRegistrant.h; sourceTree = "<group>"; };
		1498D2331E8E89220040F4C2 /* GeneratedPluginRegistrant.m */ = {isa = PBXFileReference; fileEncoding = 4; lastKnownFileType = sourcecode.c.objc; path = GeneratedPluginRegistrant.m; sourceTree = "<group>"; };
		3B3967151E833CAA004F5970 /* AppFrameworkInfo.plist */ = {isa = PBXFileReference; lastKnownFileType = text.plist.xml; name = AppFrameworkInfo.plist; path = Flutter/AppFrameworkInfo.plist; sourceTree = "<group>"; };
		74858FAD1ED2DC5600515810 /* Runner-Bridging-Header.h */ = {isa = PBXFileReference; lastKnownFileType = sourcecode.c.h; path = "Runner-Bridging-Header.h"; sourceTree = "<group>"; };
		74858FAE1ED2DC5600515810 /* AppDelegate.swift */ = {isa = PBXFileReference; lastKnownFileType = sourcecode.swift; path = AppDelegate.swift; sourceTree = "<group>"; };
		A20000000000000000000002 /* AudioSessionCoordinator.swift */ = {isa = PBXFileReference; lastKnownFileType = sourcecode.swift; path = AudioSessionCoordinator.swift; sourceTree = "<group>"; };
		A20000000000000000000004 /* BackupExclusionCoordinator.swift */ = {isa = PBXFileReference; lastKnownFileType = sourcecode.swift; path = BackupExclusionCoordinator.swift; sourceTree = "<group>"; };
		A20000000000000000000006 /* BackupExclusionChannel.swift */ = {isa = PBXFileReference; lastKnownFileType = sourcecode.swift; path = BackupExclusionChannel.swift; sourceTree = "<group>"; };
		A30000000000000000000002 /* WidgetSnapshotStore.swift */ = {isa = PBXFileReference; lastKnownFileType = sourcecode.swift; path = WidgetSnapshotStore.swift; sourceTree = "<group>"; };
		A30000000000000000000004 /* WidgetSnapshotChannel.swift */ = {isa = PBXFileReference; lastKnownFileType = sourcecode.swift; path = WidgetSnapshotChannel.swift; sourceTree = "<group>"; };
		A30000000000000000000006 /* NativeLifecycleStateChannel.swift */ = {isa = PBXFileReference; lastKnownFileType = sourcecode.swift; path = NativeLifecycleStateChannel.swift; sourceTree = "<group>"; };
		A30000000000000000000008 /* MicrophoneRecordingChannel.swift */ = {isa = PBXFileReference; lastKnownFileType = sourcecode.swift; path = MicrophoneRecordingChannel.swift; sourceTree = "<group>"; };
		A30000000000000000000010 /* NativeShareChannel.swift */ = {isa = PBXFileReference; lastKnownFileType = sourcecode.swift; path = NativeShareChannel.swift; sourceTree = "<group>"; };
		B10000000000000000000004 /* PrayerWidget.swift */ = {isa = PBXFileReference; lastKnownFileType = sourcecode.swift; path = PrayerWidget.swift; sourceTree = "<group>"; };
		B10000000000000000000005 /* Info.plist */ = {isa = PBXFileReference; lastKnownFileType = text.plist.xml; path = Info.plist; sourceTree = "<group>"; };
		B10000000000000000000006 /* PrayerWidget.entitlements */ = {isa = PBXFileReference; lastKnownFileType = text.plist.entitlements; path = PrayerWidget.entitlements; sourceTree = "<group>"; };
		B10000000000000000000007 /* PrayerWidget.appex */ = {isa = PBXFileReference; explicitFileType = "wrapper.app-extension"; includeInIndex = 0; path = PrayerWidget.appex; sourceTree = BUILT_PRODUCTS_DIR; };
		B10000000000000000000009 /* PrivacyInfo.xcprivacy */ = {isa = PBXFileReference; lastKnownFileType = text.xml; path = PrivacyInfo.xcprivacy; sourceTree = "<group>"; };
		B10000000000000000000010 /* en */ = {isa = PBXFileReference; lastKnownFileType = text.plist.strings; name = en; path = en.lproj/Localizable.strings; sourceTree = "<group>"; };
		B10000000000000000000011 /* tr */ = {isa = PBXFileReference; lastKnownFileType = text.plist.strings; name = tr; path = tr.lproj/Localizable.strings; sourceTree = "<group>"; };
		B10000000000000000000012 /* ar */ = {isa = PBXFileReference; lastKnownFileType = text.plist.strings; name = ar; path = ar.lproj/Localizable.strings; sourceTree = "<group>"; };
		B10000000000000000000013 /* az */ = {isa = PBXFileReference; lastKnownFileType = text.plist.strings; name = az; path = az.lproj/Localizable.strings; sourceTree = "<group>"; };
		B10000000000000000000014 /* ru */ = {isa = PBXFileReference; lastKnownFileType = text.plist.strings; name = ru; path = ru.lproj/Localizable.strings; sourceTree = "<group>"; };
		B10000000000000000000015 /* fr */ = {isa = PBXFileReference; lastKnownFileType = text.plist.strings; name = fr; path = fr.lproj/Localizable.strings; sourceTree = "<group>"; };
		7AFA3C8E1D35360C0083082E /* Release.xcconfig */ = {isa = PBXFileReference; lastKnownFileType = text.xcconfig; name = Release.xcconfig; path = Flutter/Release.xcconfig; sourceTree = "<group>"; };
		9740EEB21CF90195004384FC /* Debug.xcconfig */ = {isa = PBXFileReference; lastKnownFileType = text.xcconfig; name = Debug.xcconfig; path = Flutter/Debug.xcconfig; sourceTree = "<group>"; };
		9740EEB31CF90195004384FC /* Generated.xcconfig */ = {isa = PBXFileReference; lastKnownFileType = text.xcconfig; name = Generated.xcconfig; path = Flutter/Generated.xcconfig; sourceTree = "<group>"; };
		97C146EE1CF9000F007C117D /* Runner.app */ = {isa = PBXFileReference; explicitFileType = wrapper.application; includeInIndex = 0; path = Runner.app; sourceTree = BUILT_PRODUCTS_DIR; };
		97C146FB1CF9000F007C117D /* Base */ = {isa = PBXFileReference; lastKnownFileType = file.storyboard; name = Base; path = Base.lproj/Main.storyboard; sourceTree = "<group>"; };
		97C147001CF9000F007C117D /* Base */ = {isa = PBXFileReference; lastKnownFileType = file.storyboard; name = Base; path = Base.lproj/LaunchScreen.storyboard; sourceTree = "<group>"; };
		97C147021CF9000F007C117D /* Info.plist */ = {isa = PBXFileReference; lastKnownFileType = text.plist.xml; path = Info.plist; sourceTree = "<group>"; };
		A10000000000000000000004 /* PrivacyInfo.xcprivacy */ = {isa = PBXFileReference; lastKnownFileType = text.xml; path = PrivacyInfo.xcprivacy; sourceTree = "<group>"; };
		A10000000000000000000010 /* en */ = {isa = PBXFileReference; lastKnownFileType = text.plist.strings; name = en; path = en.lproj/InfoPlist.strings; sourceTree = "<group>"; };
		A10000000000000000000011 /* tr */ = {isa = PBXFileReference; lastKnownFileType = text.plist.strings; name = tr; path = tr.lproj/InfoPlist.strings; sourceTree = "<group>"; };
		A10000000000000000000012 /* ar */ = {isa = PBXFileReference; lastKnownFileType = text.plist.strings; name = ar; path = ar.lproj/InfoPlist.strings; sourceTree = "<group>"; };
		A10000000000000000000013 /* az */ = {isa = PBXFileReference; lastKnownFileType = text.plist.strings; name = az; path = az.lproj/InfoPlist.strings; sourceTree = "<group>"; };
		A10000000000000000000014 /* ru */ = {isa = PBXFileReference; lastKnownFileType = text.plist.strings; name = ru; path = ru.lproj/InfoPlist.strings; sourceTree = "<group>"; };
		A10000000000000000000015 /* fr */ = {isa = PBXFileReference; lastKnownFileType = text.plist.strings; name = fr; path = fr.lproj/InfoPlist.strings; sourceTree = "<group>"; };
/* End PBXFileReference section */

/* Begin PBXFrameworksBuildPhase section */
		97C146EB1CF9000F007C117D /* Frameworks */ = {isa = PBXFrameworksBuildPhase; buildActionMask = 2147483647; files = (); runOnlyForDeploymentPostprocessing = 0; };
		B10000000000000000000023 /* Frameworks */ = {isa = PBXFrameworksBuildPhase; buildActionMask = 2147483647; files = (); runOnlyForDeploymentPostprocessing = 0; };
/* End PBXFrameworksBuildPhase section */

/* Begin PBXGroup section */
		9740EEB11CF90186004384FC /* Flutter */ = {isa = PBXGroup; children = (3B3967151E833CAA004F5970, 9740EEB21CF90195004384FC, 7AFA3C8E1D35360C0083082E, 9740EEB31CF90195004384FC); name = Flutter; sourceTree = "<group>"; };
		97C146E51CF9000F007C117D = {isa = PBXGroup; children = (9740EEB11CF90186004384FC, 97C146F01CF9000F007C117D, B10000000000000000000020, 97C146EF1CF9000F007C117D); sourceTree = "<group>"; };
		97C146EF1CF9000F007C117D /* Products */ = {isa = PBXGroup; children = (97C146EE1CF9000F007C117D, B10000000000000000000007); name = Products; sourceTree = "<group>"; };
		97C146F01CF9000F007C117D /* Runner */ = {isa = PBXGroup; children = (97C146FA1CF9000F007C117D, 97C146FF1CF9000F007C117D, 97C147021CF9000F007C117D, A10000000000000000000002, A10000000000000000000004, 1498D2321E8E86230040F4C2, 1498D2331E8E89220040F4C2, 74858FAE1ED2DC5600515810, A20000000000000000000002, A20000000000000000000004, A20000000000000000000006, A30000000000000000000002, A30000000000000000000004, A30000000000000000000006, A30000000000000000000008, A30000000000000000000010, 74858FAD1ED2DC5600515810); path = Runner; sourceTree = "<group>"; };
		B10000000000000000000020 /* PrayerWidget */ = {isa = PBXGroup; children = (B10000000000000000000004, B10000000000000000000005, B10000000000000000000006, B10000000000000000000009, B10000000000000000000016); path = PrayerWidget; sourceTree = "<group>"; };
/* End PBXGroup section */

/* Begin PBXNativeTarget section */
		97C146ED1CF9000F007C117D /* Runner */ = {isa = PBXNativeTarget; buildConfigurationList = 97C147051CF9000F007C117D; buildPhases = (9740EEB61CF901F6004384FC, 97C146EA1CF9000F007C117D, 97C146EB1CF9000F007C117D, 97C146EC1CF9000F007C117D, 9705A1C41CF9048500538489, B10000000000000000000024, 3B06AD1E1E4923F5004D2608); buildRules = (); dependencies = (B10000000000000000000026, ); name = Runner; productName = Runner; productReference = 97C146EE1CF9000F007C117D; productType = "com.apple.product-type.application"; };
		B10000000000000000000025 /* PrayerWidget */ = {isa = PBXNativeTarget; buildConfigurationList = B10000000000000000000033; buildPhases = (B10000000000000000000021, B10000000000000000000023, B10000000000000000000022); buildRules = (); dependencies = (); name = PrayerWidget; productName = PrayerWidget; productReference = B10000000000000000000007; productType = "com.apple.product-type.app-extension"; };
/* End PBXNativeTarget section */

/* Begin PBXProject section */
		97C146E61CF9000F007C117D /* Project object */ = {isa = PBXProject; attributes = {BuildIndependentTargetsInParallel = YES; LastUpgradeCheck = 1510; ORGANIZATIONNAME = ""; TargetAttributes = {97C146ED1CF9000F007C117D = {CreatedOnToolsVersion = 15.0; LastSwiftMigration = 1510;}; B10000000000000000000025 = {CreatedOnToolsVersion = 15.0;};};}; buildConfigurationList = 97C146E91CF9000F007C117D; compatibilityVersion = "Xcode 14.0"; developmentRegion = en; hasScannedForEncodings = 0; knownRegions = (en, tr, ar, az, ru, fr, Base); mainGroup = 97C146E51CF9000F007C117D; productRefGroup = 97C146EF1CF9000F007C117D; projectDirPath = ""; projectRoot = ""; targets = (97C146ED1CF9000F007C117D, B10000000000000000000025); };
/* End PBXProject section */

/* Begin PBXResourcesBuildPhase section */
		97C146EC1CF9000F007C117D /* Resources */ = {isa = PBXResourcesBuildPhase; buildActionMask = 2147483647; files = (97C147011CF9000F007C117D, 3B3967161E833CAA004F5970, 97C146FC1CF9000F007C117D, A10000000000000000000001, A10000000000000000000003); runOnlyForDeploymentPostprocessing = 0; };
		B10000000000000000000022 /* Resources */ = {isa = PBXResourcesBuildPhase; buildActionMask = 2147483647; files = (B10000000000000000000002 /* Localizable.strings in Resources */, B10000000000000000000008 /* PrivacyInfo.xcprivacy in Resources */, ); runOnlyForDeploymentPostprocessing = 0; };
/* End PBXResourcesBuildPhase section */

/* Begin PBXShellScriptBuildPhase section */
		3B06AD1E1E4923F5004D2608 /* Thin Binary */ = {isa = PBXShellScriptBuildPhase; buildActionMask = 2147483647; files = (); inputPaths = (); name = "Thin Binary"; outputPaths = (); runOnlyForDeploymentPostprocessing = 0; shellPath = /bin/sh; shellScript = "/bin/sh \"$FLUTTER_ROOT/packages/flutter_tools/bin/xcode_backend.sh\" embed_and_thin"; };
		9740EEB61CF901F6004384FC /* Run Script */ = {isa = PBXShellScriptBuildPhase; buildActionMask = 2147483647; files = (); inputPaths = (); name = "Run Script"; outputPaths = (); runOnlyForDeploymentPostprocessing = 0; shellPath = /bin/sh; shellScript = "/bin/sh \"$FLUTTER_ROOT/packages/flutter_tools/bin/xcode_backend.sh\" build"; };
/* End PBXShellScriptBuildPhase section */

/* Begin PBXSourcesBuildPhase section */
		97C146EA1CF9000F007C117D /* Sources */ = {isa = PBXSourcesBuildPhase; buildActionMask = 2147483647; files = (74858FAF1ED2DC5600515810, A20000000000000000000001, A20000000000000000000003, A20000000000000000000005, A30000000000000000000001, A30000000000000000000003, A30000000000000000000005, A30000000000000000000007, A30000000000000000000009, 1498D2341E8E89220040F4C2); runOnlyForDeploymentPostprocessing = 0; };
		B10000000000000000000021 /* Sources */ = {isa = PBXSourcesBuildPhase; buildActionMask = 2147483647; files = (B10000000000000000000001 /* PrayerWidget.swift in Sources */, ); runOnlyForDeploymentPostprocessing = 0; };
/* End PBXSourcesBuildPhase section */

/* Begin PBXTargetDependency section */
		B10000000000000000000026 /* PBXTargetDependency */ = {isa = PBXTargetDependency; target = B10000000000000000000025 /* PrayerWidget */; targetProxy = B10000000000000000000027 /* PBXContainerItemProxy */; };
/* End PBXTargetDependency section */

/* Begin PBXVariantGroup section */
		97C146FA1CF9000F007C117D /* Main.storyboard */ = {isa = PBXVariantGroup; children = (97C146FB1CF9000F007C117D); name = Main.storyboard; sourceTree = "<group>"; };
		97C146FF1CF9000F007C117D /* LaunchScreen.storyboard */ = {isa = PBXVariantGroup; children = (97C147001CF9000F007C117D); name = LaunchScreen.storyboard; sourceTree = "<group>"; };
		A10000000000000000000002 /* InfoPlist.strings */ = {isa = PBXVariantGroup; children = (A10000000000000000000010, A10000000000000000000011, A10000000000000000000012, A10000000000000000000013, A10000000000000000000014, A10000000000000000000015); name = InfoPlist.strings; sourceTree = "<group>"; };
		B10000000000000000000016 /* Localizable.strings */ = {isa = PBXVariantGroup; children = (B10000000000000000000010, B10000000000000000000011, B10000000000000000000012, B10000000000000000000013, B10000000000000000000014, B10000000000000000000015); name = Localizable.strings; sourceTree = "<group>"; };
/* End PBXVariantGroup section */

/* Begin XCBuildConfiguration section */
		249021D3217E4FDB00AE95B9 /* Profile */ = {isa = XCBuildConfiguration; buildSettings = {ALWAYS_SEARCH_USER_PATHS = NO; CLANG_ENABLE_MODULES = YES; COPY_PHASE_STRIP = NO; DEBUG_INFORMATION_FORMAT = "dwarf-with-dsym"; ENABLE_NS_ASSERTIONS = NO; GCC_C_LANGUAGE_STANDARD = gnu99; GCC_NO_COMMON_BLOCKS = YES; IPHONEOS_DEPLOYMENT_TARGET = 15.0; SDKROOT = iphoneos; TARGETED_DEVICE_FAMILY = "1,2"; VALIDATE_PRODUCT = YES;}; name = Profile; };
		97C147031CF9000F007C117D /* Debug */ = {isa = XCBuildConfiguration; buildSettings = {ALWAYS_SEARCH_USER_PATHS = NO; CLANG_ENABLE_MODULES = YES; COPY_PHASE_STRIP = NO; DEBUG_INFORMATION_FORMAT = dwarf; ENABLE_TESTABILITY = YES; GCC_C_LANGUAGE_STANDARD = gnu99; GCC_NO_COMMON_BLOCKS = YES; GCC_OPTIMIZATION_LEVEL = 0; GCC_PREPROCESSOR_DEFINITIONS = ("DEBUG=1", "$(inherited)"); IPHONEOS_DEPLOYMENT_TARGET = 15.0; ONLY_ACTIVE_ARCH = YES; SDKROOT = iphoneos; TARGETED_DEVICE_FAMILY = "1,2";}; name = Debug; };
		97C147041CF9000F007C117D /* Release */ = {isa = XCBuildConfiguration; buildSettings = {ALWAYS_SEARCH_USER_PATHS = NO; CLANG_ENABLE_MODULES = YES; COPY_PHASE_STRIP = NO; DEBUG_INFORMATION_FORMAT = "dwarf-with-dsym"; ENABLE_NS_ASSERTIONS = NO; GCC_C_LANGUAGE_STANDARD = gnu99; GCC_NO_COMMON_BLOCKS = YES; IPHONEOS_DEPLOYMENT_TARGET = 15.0; SDKROOT = iphoneos; TARGETED_DEVICE_FAMILY = "1,2"; VALIDATE_PRODUCT = YES;}; name = Release; };
		249021D4217E4FDB00AE95B9 /* Profile */ = {isa = XCBuildConfiguration; baseConfigurationReference = 7AFA3C8E1D35360C0083082E; buildSettings = {CLANG_ENABLE_MODULES = YES; CURRENT_PROJECT_VERSION = "$(FLUTTER_BUILD_NUMBER)"; ENABLE_BITCODE = NO; INFOPLIST_FILE = Runner/Info.plist; LD_RUNPATH_SEARCH_PATHS = "$(inherited) @executable_path/Frameworks"; PRODUCT_BUNDLE_IDENTIFIER = com.omzdmr.quranIKerim; PRODUCT_NAME = "$(TARGET_NAME)"; SWIFT_OBJC_BRIDGING_HEADER = "Runner/Runner-Bridging-Header.h"; SWIFT_VERSION = 5.0; VERSIONING_SYSTEM = "apple-generic";}; name = Profile; };
		97C147061CF9000F007C117D /* Debug */ = {isa = XCBuildConfiguration; baseConfigurationReference = 9740EEB21CF90195004384FC; buildSettings = {CLANG_ENABLE_MODULES = YES; CURRENT_PROJECT_VERSION = "$(FLUTTER_BUILD_NUMBER)"; ENABLE_BITCODE = NO; INFOPLIST_FILE = Runner/Info.plist; LD_RUNPATH_SEARCH_PATHS = "$(inherited) @executable_path/Frameworks"; PRODUCT_BUNDLE_IDENTIFIER = com.omzdmr.quranIKerim; PRODUCT_NAME = "$(TARGET_NAME)"; SWIFT_OBJC_BRIDGING_HEADER = "Runner/Runner-Bridging-Header.h"; SWIFT_OPTIMIZATION_LEVEL = "-Onone"; SWIFT_VERSION = 5.0; VERSIONING_SYSTEM = "apple-generic";}; name = Debug; };
		97C147071CF9000F007C117D /* Release */ = {isa = XCBuildConfiguration; baseConfigurationReference = 7AFA3C8E1D35360C0083082E; buildSettings = {CLANG_ENABLE_MODULES = YES; CURRENT_PROJECT_VERSION = "$(FLUTTER_BUILD_NUMBER)"; ENABLE_BITCODE = NO; INFOPLIST_FILE = Runner/Info.plist; LD_RUNPATH_SEARCH_PATHS = "$(inherited) @executable_path/Frameworks"; PRODUCT_BUNDLE_IDENTIFIER = com.omzdmr.quranIKerim; PRODUCT_NAME = "$(TARGET_NAME)"; SWIFT_OBJC_BRIDGING_HEADER = "Runner/Runner-Bridging-Header.h"; SWIFT_VERSION = 5.0; VERSIONING_SYSTEM = "apple-generic";}; name = Release; };
		B10000000000000000000030 /* Debug */ = {isa = XCBuildConfiguration; buildSettings = {APPLICATION_EXTENSION_API_ONLY = YES; CODE_SIGN_ENTITLEMENTS = PrayerWidget/PrayerWidget.entitlements; CURRENT_PROJECT_VERSION = "$(FLUTTER_BUILD_NUMBER)"; GENERATE_INFOPLIST_FILE = NO; INFOPLIST_FILE = PrayerWidget/Info.plist; IPHONEOS_DEPLOYMENT_TARGET = 17.0; LD_RUNPATH_SEARCH_PATHS = "$(inherited) @executable_path/Frameworks @executable_path/../../Frameworks"; MARKETING_VERSION = "$(FLUTTER_BUILD_NAME)"; PRODUCT_BUNDLE_IDENTIFIER = com.omzdmr.quranIKerim.PrayerWidget; PRODUCT_NAME = "$(TARGET_NAME)"; SKIP_INSTALL = YES; SWIFT_OPTIMIZATION_LEVEL = "-Onone"; SWIFT_VERSION = 5.0; TARGETED_DEVICE_FAMILY = "1,2"; }; name = Debug; };
		B10000000000000000000031 /* Release */ = {isa = XCBuildConfiguration; buildSettings = {APPLICATION_EXTENSION_API_ONLY = YES; CODE_SIGN_ENTITLEMENTS = PrayerWidget/PrayerWidget.entitlements; CURRENT_PROJECT_VERSION = "$(FLUTTER_BUILD_NUMBER)"; GENERATE_INFOPLIST_FILE = NO; INFOPLIST_FILE = PrayerWidget/Info.plist; IPHONEOS_DEPLOYMENT_TARGET = 17.0; LD_RUNPATH_SEARCH_PATHS = "$(inherited) @executable_path/Frameworks @executable_path/../../Frameworks"; MARKETING_VERSION = "$(FLUTTER_BUILD_NAME)"; PRODUCT_BUNDLE_IDENTIFIER = com.omzdmr.quranIKerim.PrayerWidget; PRODUCT_NAME = "$(TARGET_NAME)"; SKIP_INSTALL = YES; SWIFT_VERSION = 5.0; TARGETED_DEVICE_FAMILY = "1,2"; }; name = Release; };
		B10000000000000000000032 /* Profile */ = {isa = XCBuildConfiguration; buildSettings = {APPLICATION_EXTENSION_API_ONLY = YES; CODE_SIGN_ENTITLEMENTS = PrayerWidget/PrayerWidget.entitlements; CURRENT_PROJECT_VERSION = "$(FLUTTER_BUILD_NUMBER)"; GENERATE_INFOPLIST_FILE = NO; INFOPLIST_FILE = PrayerWidget/Info.plist; IPHONEOS_DEPLOYMENT_TARGET = 17.0; LD_RUNPATH_SEARCH_PATHS = "$(inherited) @executable_path/Frameworks @executable_path/../../Frameworks"; MARKETING_VERSION = "$(FLUTTER_BUILD_NAME)"; PRODUCT_BUNDLE_IDENTIFIER = com.omzdmr.quranIKerim.PrayerWidget; PRODUCT_NAME = "$(TARGET_NAME)"; SKIP_INSTALL = YES; SWIFT_VERSION = 5.0; TARGETED_DEVICE_FAMILY = "1,2"; }; name = Profile; };
/* End XCBuildConfiguration section */

/* Begin XCConfigurationList section */
		97C146E91CF9000F007C117D /* Build configuration list for PBXProject "Runner" */ = {isa = XCConfigurationList; buildConfigurations = (97C147031CF9000F007C117D, 97C147041CF9000F007C117D, 249021D3217E4FDB00AE95B9); defaultConfigurationIsVisible = 0; defaultConfigurationName = Release; };
		97C147051CF9000F007C117D /* Build configuration list for PBXNativeTarget "Runner" */ = {isa = XCConfigurationList; buildConfigurations = (97C147061CF9000F007C117D, 97C147071CF9000F007C117D, 249021D4217E4FDB00AE95B9); defaultConfigurationIsVisible = 0; defaultConfigurationName = Release; };
		B10000000000000000000033 /* Build configuration list for PBXNativeTarget "PrayerWidget" */ = {isa = XCConfigurationList; buildConfigurations = (B10000000000000000000030, B10000000000000000000031, B10000000000000000000032); defaultConfigurationIsVisible = 0; defaultConfigurationName = Release; };
/* End XCConfigurationList section */
	};
	rootObject = 97C146E61CF9000F007C117D /* Project object */;
}
